// !$*UTF8*$!
{
	archiveVersion = 1;
	classes = {
	};
	objectVersion = 51;
	objects = {

/* Begin PBXBuildFile section */
		9EE487A0A671DCAAFBF401F1 /* Pods_FlowerRec.framework in Frameworks */ = {isa = PBXBuildFile; fileRef = DE6EACB1E55243C6A87F24CA /* Pods_FlowerRec.framework */; };
		EEFC0AF522F5FE78007AB5F2 /* AppDelegate.swift in Sources */ = {isa = PBXBuildFile; fileRef = EEFC0AF422F5FE78007AB5F2 /* AppDelegate.swift */; };
		EEFC0AF722F5FE78007AB5F2 /* ViewController.swift in Sources */ = {isa = PBXBuildFile; fileRef = EEFC0AF622F5FE78007AB5F2 /* ViewController.swift */; };
		EEFC0AFA22F5FE78007AB5F2 /* Main.storyboard in Resources */ = {isa = PBXBuildFile; fileRef = EEFC0AF822F5FE78007AB5F2 /* Main.storyboard */; };
		EEFC0AFC22F5FE7D007AB5F2 /* Assets.xcassets in Resources */ = {isa = PBXBuildFile; fileRef = EEFC0AFB22F5FE7D007AB5F2 /* Assets.xcassets */; };
		EEFC0AFF22F5FE7D007AB5F2 /* LaunchScreen.storyboard in Resources */ = {isa = PBXBuildFile; fileRef = EEFC0AFD22F5FE7D007AB5F2 /* LaunchScreen.storyboard */; };
/* End PBXBuildFile section */

/* Begin PBXFileReference section */
		58DA768B5E0F7C823ECD5975 /* Pods-FlowerRec.release.xcconfig */ = {isa = PBXFileReference; includeInIndex = 1; lastKnownFileType = text.xcconfig; name = "Pods-FlowerRec.release.xcconfig"; path = "Target Support Files/Pods-FlowerRec/Pods-FlowerRec.release.xcconfig"; sourceTree = "<group>"; };
		A02C395ADDAFC5AC89CD764E /* Pods-FlowerRec.debug.xcconfig */ = {isa = PBXFileReference; includeInIndex = 1; lastKnownFileType = text.xcconfig; name = "Pods-FlowerRec.debug.xcconfig"; path = "Target Support Files/Pods-FlowerRec/Pods-FlowerRec.debug.xcconfig"; sourceTree = "<group>"; };
		DE6EACB1E55243C6A87F24CA /* Pods_FlowerRec.framework */ = {isa = PBXFileReference; explicitFileType = wrapper.framework; includeInIndex = 0; path = Pods_FlowerRec.framework; sourceTree = BUILT_PRODUCTS_DIR; };
		EEFC0AF122F5FE78007AB5F2 /* FlowerRec.app */ = {isa = PBXFileReference; explicitFileType = wrapper.application; includeInIndex = 0; path = FlowerRec.app; sourceTree = BUILT_PRODUCTS_DIR; };
		EEFC0AF422F5FE78007AB5F2 /* AppDelegate.swift */ = {isa = PBXFileReference; lastKnownFileType = sourcecode.swift; path = AppDelegate.swift; sourceTree = "<group>"; };
		EEFC0AF622F5FE78007AB5F2 /* ViewController.swift */ = {isa = PBXFileReference; lastKnownFileType = sourcecode.swift; path = ViewController.swift; sourceTree = "<group>"; };
		EEFC0AF922F5FE78007AB5F2 /* Base */ = {isa = PBXFileReference; lastKnownFileType = file.storyboard; name = Base; path = Base.lproj/Main.storyboard; sourceTree = "<group>"; };
		EEFC0AFB22F5FE7D007AB5F2 /* Assets.xcassets */ = {isa = PBXFileReference; lastKnownFileType = folder.assetcatalog; path = Assets.xcassets; sourceTree = "<group>"; };
		EEFC0AFE22F5FE7D007AB5F2 /* Base */ = {isa = PBXFileReference; lastKnownFileType = file.storyboard; name = Base; path = Base.lproj/LaunchScreen.storyboard; sourceTree = "<group>"; };
		EEFC0B0022F5FE7D007AB5F2 /* Info.plist */ = {isa = PBXFileReference; lastKnownFileType = text.plist.xml; path = Info.plist; sourceTree = "<group>"; };
/* End PBXFileReference section */

/* Begin PBXFrameworksBuildPhase section */
		EEFC0AEE22F5FE78007AB5F2 /* Frameworks */ = {
			isa = PBXFrameworksBuildPhase;
			buildActionMask = 2147483647;
			files = (
				9EE487A0A671DCAAFBF401F1 /* Pods_FlowerRec.framework in Frameworks */,
			);
			runOnlyForDeploymentPostprocessing = 0;
		};
/* End PBXFrameworksBuildPhase section */

/* Begin PBXGroup section */
		72D7D1D04C8BB6B66EE8CC75 /* Pods */ = {
			isa = PBXGroup;
			children = (
				A02C395ADDAFC5AC89CD764E /* Pods-FlowerRec.debug.xcconfig */,
				58DA768B5E0F7C823ECD5975 /* Pods-FlowerRec.release.xcconfig */,
			);
			path = Pods;
			sourceTree = "<group>";
		};
		ED699F7511657B9F18B0E9BF /* Frameworks */ = {
			isa = PBXGroup;
			children = (
				DE6EACB1E55243C6A87F24CA /* Pods_FlowerRec.framework */,
			);
			name = Frameworks;
			sourceTree = "<group>";
		};
		EEFC0AE822F5FE78007AB5F2 = {
			isa = PBXGroup;
			children = (
				EEFC0AF322F5FE78007AB5F2 /* FlowerRec */,
				EEFC0AF222F5FE78007AB5F2 /* Products */,
				72D7D1D04C8BB6B66EE8CC75 /* Pods */,
				ED699F7511657B9F18B0E9BF /* Frameworks */,
			);
			sourceTree = "<group>";
		};
		EEFC0AF222F5FE78007AB5F2 /* Products */ = {
			isa = PBXGroup;
			children = (
				EEFC0AF122F5FE78007AB5F2 /* FlowerRec.app */,
			);
			name = Products;
			sourceTree = "<group>";
		};
		EEFC0AF322F5FE78007AB5F2 /* FlowerRec */ = {
			isa = PBXGroup;
			children = (
				EEFC0B0822F5FE9F007AB5F2 /* Controller */,
				EEFC0B0722F5FE99007AB5F2 /* View */,
				EEFC0B0622F5FE8F007AB5F2 /* Model */,
				EEFC0AFB22F5FE7D007AB5F2 /* Assets.xcassets */,
				EEFC0AFD22F5FE7D007AB5F2 /* LaunchScreen.storyboard */,
				EEFC0B0022F5FE7D007AB5F2 /* Info.plist */,
			);
			path = FlowerRec;
			sourceTree = "<group>";
		};
		EEFC0B0622F5FE8F007AB5F2 /* Model */ = {
			isa = PBXGroup;
			children = (
			);
			path = Model;
			sourceTree = "<group>";
		};
		EEFC0B0722F5FE99007AB5F2 /* View */ = {
			isa = PBXGroup;
			children = (
				EEFC0AF822F5FE78007AB5F2 /* Main.storyboard */,
			);
			path = View;
			sourceTree = "<group>";
		};
		EEFC0B0822F5FE9F007AB5F2 /* Controller */ = {
			isa = PBXGroup;
			children = (
				EEFC0AF622F5FE78007AB5F2 /* ViewController.swift */,
				EEFC0AF422F5FE78007AB5F2 /* AppDelegate.swift */,
			);
			path = Controller;
			sourceTree = "<group>";
		};
/* End PBXGroup section */

/* Begin PBXNativeTarget section */
		EEFC0AF022F5FE78007AB5F2 /* FlowerRec */ = {
			isa = PBXNativeTarget;
			buildConfigurationList = EEFC0B0322F5FE7D007AB5F2 /* Build configuration list for PBXNativeTarget "FlowerRec" */;
			buildPhases = (
				CA57ED9C888ECCCF6C07B08C /* [CP] Check Pods Manifest.lock */,
				EEFC0AED22F5FE78007AB5F2 /* Sources */,
				EEFC0AEE22F5FE78007AB5F2 /* Frameworks */,
				EEFC0AEF22F5FE78007AB5F2 /* Resources */,
				5B094DF7D91BAEB3C4ED762E /* [CP] Embed Pods Frameworks */,
			);
			buildRules = (
			);
			dependencies = (
			);
			name = FlowerRec;
			productName = FlowerRec;
			productReference = EEFC0AF122F5FE78007AB5F2 /* FlowerRec.app */;
			productType = "com.apple.product-type.application";
		};
/* End PBXNativeTarget section */

/* Begin PBXProject section */
		EEFC0AE922F5FE78007AB5F2 /* Project object */ = {
			isa = PBXProject;
			attributes = {
				LastSwiftUpdateCheck = 1030;
				LastUpgradeCheck = 1030;
				ORGANIZATIONNAME = Duale;
				TargetAttributes = {
					EEFC0AF022F5FE78007AB5F2 = {
						CreatedOnToolsVersion = 10.3;
					};
				};
			};
			buildConfigurationList = EEFC0AEC22F5FE78007AB5F2 /* Build configuration list for PBXProject "FlowerRec" */;
			compatibilityVersion = "Xcode 9.3";
			developmentRegion = en;
			hasScannedForEncodings = 0;
			knownRegions = (
				en,
				Base,
			);
			mainGroup = EEFC0AE822F5FE78007AB5F2;
			productRefGroup = EEFC0AF222F5FE78007AB5F2 /* Products */;
			projectDirPath = "";
			projectRoot = "";
			targets = (
				EEFC0AF022F5FE78007AB5F2 /* FlowerRec */,
			);
		};
/* End PBXProject section */

/* Begin PBXResourcesBuildPhase section */
		EEFC0AEF22F5FE78007AB5F2 /* Resources */ = {
			isa = PBXResourcesBuildPhase;
			buildActionMask = 2147483647;
			files = (
				EEFC0AFF22F5FE7D007AB5F2 /* LaunchScreen.storyboard in Resources */,
				EEFC0AFC22F5FE7D007AB5F2 /* Assets.xcassets in Resources */,
				EEFC0AFA22F5FE78007AB5F2 /* Main.storyboard in Resources */,
			);
			runOnlyForDeploymentPostprocessing = 0;
		};
/* End PBXResourcesBuildPhase section */

/* Begin PBXShellScriptBuildPhase section */
		5B094DF7D91BAEB3C4ED762E /* [CP] Embed Pods Frameworks */ = {
			isa = PBXShellScriptBuildPhase;
			buildActionMask = 2147483647;
			files = (
			);
			inputFileListPaths = (
				"${PODS_ROOT}/Target Support Files/Pods-FlowerRec/Pods-FlowerRec-frameworks-${CONFIGURATION}-input-files.xcfilelist",
			);
			name = "[CP] Embed Pods Frameworks";
			outputFileListPaths = (
				"${PODS_ROOT}/Target Support Files/Pods-FlowerRec/Pods-FlowerRec-frameworks-${CONFIGURATION}-output-files.xcfilelist",
			);
			runOnlyForDeploymentPostprocessing = 0;
			shellPath = /bin/sh;
			shellScript = "\"${PODS_ROOT}/Target Support Files/Pods-FlowerRec/Pods-FlowerRec-frameworks.sh\"\n";
			showEnvVarsInLog = 0;
		};
		CA57ED9C888ECCCF6C07B08C /* [CP] Check Pods Manifest.lock */ = {
			isa = PBXShellScriptBuildPhase;
			buildActionMask = 2147483647;
			files = (
			);
			inputFileListPaths = (
			);
			inputPaths = (
				"${PODS_PODFILE_DIR_PATH}/Podfile.lock",
				"${PODS_ROOT}/Manifest.lock",
			);
			name = "[CP] Check Pods Manifest.lock";
			outputFileListPaths = (
			);
			outputPaths = (
				"$(DERIVED_FILE_DIR)/Pods-FlowerRec-checkManifestLockResult.txt",
			);
			runOnlyForDeploymentPostprocessing = 0;
			shellPath = /bin/sh;
			shellScript = "diff \"${PODS_PODFILE_DIR_PATH}/Podfile.lock\" \"${PODS_ROOT}/Manifest.lock\" > /dev/null\nif [ $? != 0 ] ; then\n    # print error to STDERR\n    echo \"error: The sandbox is not in sync with the Podfile.lock. Run 'pod install' or update your CocoaPods installation.\" >&2\n    exit 1\nfi\n# This output is used by Xcode 'outputs' to avoid re-running this script phase.\necho \"SUCCESS\" > \"${SCRIPT_OUTPUT_FILE_0}\"\n";
			showEnvVarsInLog = 0;
		};
/* End PBXShellScriptBuildPhase section */

/* Begin PBXSourcesBuildPhase section */
		EEFC0AED22F5FE78007AB5F2 /* Sources */ = {
			isa = PBXSourcesBuildPhase;
			buildActionMask = 2147483647;
			files = (
				EEFC0AF722F5FE78007AB5F2 /* ViewController.swift in Sources */,
				EEFC0AF522F5FE78007AB5F2 /* AppDelegate.swift in Sources */,
			);
			runOnlyForDeploymentPostprocessing = 0;
		};
/* End PBXSourcesBuildPhase section */

/* Begin PBXVariantGroup section */
		EEFC0AF822F5FE78007AB5F2 /* Main.storyboard */ = {
			isa = PBXVariantGroup;
			children = (
				EEFC0AF922F5FE78007AB5F2 /* Base */,
			);
			name = Main.storyboard;
			sourceTree = "<group>";
		};
		EEFC0AFD22F5FE7D007AB5F2 /* LaunchScreen.storyboard */ = {
			isa = PBXVariantGroup;
			children = (
				EEFC0AFE22F5FE7D007AB5F2 /* Base */,
			);
			name = LaunchScreen.storyboard;
			sourceTree = "<group>";
		};
/* End PBXVariantGroup section */

/* Begin XCBuildConfiguration section */
		EEFC0B0122F5FE7D007AB5F2 /* Debug */ = {
			isa = XCBuildConfiguration;
			buildSettings = {
				ALWAYS_SEARCH_USER_PATHS = NO;
				CLANG_ANALYZER_NONNULL = YES;
				CLANG_ANALYZER_NUMBER_OBJECT_CONVERSION = YES_AGGRESSIVE;
				CLANG_CXX_LANGUAGE_STANDARD = "gnu++14";
				CLANG_CXX_LIBRARY = "libc++";
				CLANG_ENABLE_MODULES = YES;
				CLANG_ENABLE_OBJC_ARC = YES;
				CLANG_ENABLE_OBJC_WEAK = YES;
				CLANG_WARN_BLOCK_CAPTURE_AUTORELEASING = YES;
				CLANG_WARN_BOOL_CONVERSION = YES;
				CLANG_WARN_COMMA = YES;
				CLANG_WARN_CONSTANT_CONVERSION = YES;
				CLANG_WARN_DEPRECATED_OBJC_IMPLEMENTATIONS = YES;
				CLANG_WARN_DIRECT_OBJC_ISA_USAGE = YES_ERROR;
				CLANG_WARN_DOCUMENTATION_COMMENTS = YES;
				CLANG_WARN_EMPTY_BODY = YES;
				CLANG_WARN_ENUM_CONVERSION = YES;
				CLANG_WARN_INFINITE_RECURSION = YES;
				CLANG_WARN_INT_CONVERSION = YES;
				CLANG_WARN_NON_LITERAL_NULL_CONVERSION = YES;
				CLANG_WARN_OBJC_IMPLICIT_RETAIN_SELF = YES;
				CLANG_WARN_OBJC_LITERAL_CONVERSION = YES;
				CLANG_WARN_OBJC_ROOT_CLASS = YES_ERROR;
				CLANG_WARN_RANGE_LOOP_ANALYSIS = YES;
				CLANG_WARN_STRICT_PROTOTYPES = YES;
				CLANG_WARN_SUSPICIOUS_MOVE = YES;
				CLANG_WARN_UNGUARDED_AVAILABILITY = YES_AGGRESSIVE;
				CLANG_WARN_UNREACHABLE_CODE = YES;
				CLANG_WARN__DUPLICATE_METHOD_MATCH = YES;
				CODE_SIGN_IDENTITY = "iPhone Developer";
				COPY_PHASE_STRIP = NO;
				DEBUG_INFORMATION_FORMAT = dwarf;
				ENABLE_STRICT_OBJC_MSGSEND = YES;
				ENABLE_TESTABILITY = YES;
				GCC_C_LANGUAGE_STANDARD = gnu11;
				GCC_DYNAMIC_NO_PIC = NO;
				GCC_NO_COMMON_BLOCKS = YES;
				GCC_OPTIMIZATION_LEVEL = 0;
				GCC_PREPROCESSOR_DEFINITIONS = (
					"DEBUG=1",
					"$(inherited)",
				);
				GCC_WARN_64_TO_32_BIT_CONVERSION = YES;
				GCC_WARN_ABOUT_RETURN_TYPE = YES_ERROR;
				GCC_WARN_UNDECLARED_SELECTOR = YES;
				GCC_WARN_UNINITIALIZED_AUTOS = YES_AGGRESSIVE;
				GCC_WARN_UNUSED_FUNCTION = YES;
				GCC_WARN_UNUSED_VARIABLE = YES;
				IPHONEOS_DEPLOYMENT_TARGET = 12.4;
				MTL_ENABLE_DEBUG_INFO = INCLUDE_SOURCE;
				MTL_FAST_MATH = YES;
				ONLY_ACTIVE_ARCH = YES;
				SDKROOT = iphoneos;
				SWIFT_ACTIVE_COMPILATION_CONDITIONS = DEBUG;
				SWIFT_OPTIMIZATION_LEVEL = "-Onone";
			};
			name = Debug;
		};
		EEFC0B0222F5FE7D007AB5F2 /* Release */ = {
			isa = XCBuildConfiguration;
			buildSettings = {
				ALWAYS_SEARCH_USER_PATHS = NO;
				CLANG_ANALYZER_NONNULL = YES;
				CLANG_ANALYZER_NUMBER_OBJECT_CONVERSION = YES_AGGRESSIVE;
				CLANG_CXX_LANGUAGE_STANDARD = "gnu++14";
				CLANG_CXX_LIBRARY = "libc++";
				CLANG_ENABLE_MODULES = YES;
				CLANG_ENABLE_OBJC_ARC = YES;
				CLANG_ENABLE_OBJC_WEAK = YES;
				CLANG_WARN_BLOCK_CAPTURE_AUTORELEASING = YES;
				CLANG_WARN_BOOL_CONVERSION = YES;
				CLANG_WARN_COMMA = YES;
				CLANG_WARN_CONSTANT_CONVERSION = YES;
				CLANG_WARN_DEPRECATED_OBJC_IMPLEMENTATIONS = YES;
				CLANG_WARN_DIRECT_OBJC_ISA_USAGE = YES_ERROR;
				CLANG_WARN_DOCUMENTATION_COMMENTS = YES;
				CLANG_WARN_EMPTY_BODY = YES;
				CLANG_WARN_ENUM_CONVERSION = YES;
				CLANG_WARN_INFINITE_RECURSION = YES;
				CLANG_WARN_INT_CONVERSION = YES;
				CLANG_WARN_NON_LITERAL_NULL_CONVERSION = YES;
				CLANG_WARN_OBJC_IMPLICIT_RETAIN_SELF = YES;
				CLANG_WARN_OBJC_LITERAL_CONVERSION = YES;
				CLANG_WARN_OBJC_ROOT_CLASS = YES_ERROR;
				CLANG_WARN_RANGE_LOOP_ANALYSIS = YES;
				CLANG_WARN_STRICT_PROTOTYPES = YES;
				CLANG_WARN_SUSPICIOUS_MOVE = YES;
				CLANG_WARN_UNGUARDED_AVAILABILITY = YES_AGGRESSIVE;
				CLANG_WARN_UNREACHABLE_CODE = YES;
				CLANG_WARN__DUPLICATE_METHOD_MATCH = YES;
				CODE_SIGN_IDENTITY = "iPhone Developer";
				COPY_PHASE_STRIP = NO;
				DEBUG_INFORMATION_FORMAT = "dwarf-with-dsym";
				ENABLE_NS_ASSERTIONS = NO;
				ENABLE_STRICT_OBJC_MSGSEND = YES;
				GCC_C_LANGUAGE_STANDARD = gnu11;
				GCC_NO_COMMON_BLOCKS = YES;
				GCC_WARN_64_TO_32_BIT_CONVERSION = YES;
				GCC_WARN_ABOUT_RETURN_TYPE = YES_ERROR;
				GCC_WARN_UNDECLARED_SELECTOR = YES;
				GCC_WARN_UNINITIALIZED_AUTOS = YES_AGGRESSIVE;
				GCC_WARN_UNUSED_FUNCTION = YES;
				GCC_WARN_UNUSED_VARIABLE = YES;
				IPHONEOS_DEPLOYMENT_TARGET = 12.4;
				MTL_ENABLE_DEBUG_INFO = NO;
				MTL_FAST_MATH = YES;
				SDKROOT = iphoneos;
				SWIFT_COMPILATION_MODE = wholemodule;
				SWIFT_OPTIMIZATION_LEVEL = "-O";
				VALIDATE_PRODUCT = YES;
			};
			name = Release;
		};
		EEFC0B0422F5FE7D007AB5F2 /* Debug */ = {
			isa = XCBuildConfiguration;
			baseConfigurationReference = A02C395ADDAFC5AC89CD764E /* Pods-FlowerRec.debug.xcconfig */;
			buildSettings = {
				ASSETCATALOG_COMPILER_APPICON_NAME = AppIcon;
				CODE_SIGN_STYLE = Automatic;
				DEVELOPMENT_TEAM = GG9M3SY3Q6;
				INFOPLIST_FILE = FlowerRec/Info.plist;
				LD_RUNPATH_SEARCH_PATHS = (
					"$(inherited)",
					"@executable_path/Frameworks",
				);
				PRODUCT_BUNDLE_IDENTIFIER = com.dualemahat.FlowerRec;
				PRODUCT_NAME = "$(TARGET_NAME)";
				SWIFT_VERSION = 5.0;
				TARGETED_DEVICE_FAMILY = "1,2";
			};
			name = Debug;
		};
		EEFC0B0522F5FE7D007AB5F2 /* Release */ = {
			isa = XCBuildConfiguration;
			baseConfigurationReference = 58DA768B5E0F7C823ECD5975 /* Pods-FlowerRec.release.xcconfig */;
			buildSettings = {
				ASSETCATALOG_COMPILER_APPICON_NAME = AppIcon;
				CODE_SIGN_STYLE = Automatic;
				DEVELOPMENT_TEAM = GG9M3SY3Q6;
				INFOPLIST_FILE = FlowerRec/Info.plist;
				LD_RUNPATH_SEARCH_PATHS = (
					"$(inherited)",
					"@executable_path/Frameworks",
				);
				PRODUCT_BUNDLE_IDENTIFIER = com.dualemahat.FlowerRec;
				PRODUCT_NAME = "$(TARGET_NAME)";
				SWIFT_VERSION = 5.0;
				TARGETED_DEVICE_FAMILY = "1,2";
			};
			name = Release;
		};
/* End XCBuildConfiguration section */

/* Begin XCConfigurationList section */
		EEFC0AEC22F5FE78007AB5F2 /* Build configuration list for PBXProject "FlowerRec" */ = {
			isa = XCConfigurationList;
			buildConfigurations = (
				EEFC0B0122F5FE7D007AB5F2 /* Debug */,
				EEFC0B0222F5FE7D007AB5F2 /* Release */,
			);
			defaultConfigurationIsVisible = 0;
			defaultConfigurationName = Release;
		};
		EEFC0B0322F5FE7D007AB5F2 /* Build configuration list for PBXNativeTarget "FlowerRec" */ = {
			isa = XCConfigurationList;
			buildConfigurations = (
				EEFC0B0422F5FE7D007AB5F2 /* Debug */,
				EEFC0B0522F5FE7D007AB5F2 /* Release */,
			);
			defaultConfigurationIsVisible = 0;
			defaultConfigurationName = Release;
		};
/* End XCConfigurationList section */
	};
	rootObject = EEFC0AE922F5FE78007AB5F2 /* Project object */;
}
